{
  "name": "dup-r",
  "version": "1.0.0",
  "lockfileVersion": 1,
  "requires": true,
  "dependencies": {
    "remove-rf": {
      "version": "1.0.1",
      "resolved": "https://registry.npmjs.org/remove-rf/-/remove-rf-1.0.1.tgz",
      "integrity": "sha512-lb9tWmWrAtt/ufRcxeMX4ewDYiit3sJUVnWdrVcHFIoe1HwqSi+9MxFV0I0eZg7zXZA6VVqpH2cqDG8DLEj9Cw==",
      "dev": true
    }
  }
}
